
Microsoft Visual Studio Solution File, Format Version 12.00
# Visual Studio Version 17
VisualStudioVersion = 17.9.34616.47
MinimumVisualStudioVersion = 10.0.40219.1
Project("{9A19103F-16F7-4668-BE54-9A1E7A4F7556}") = "TeilOne.Threading.DistributedCancellationToken.Redis", "TeilOne.Threading.DistributedCancellationToken.Redis\TeilOne.Threading.DistributedCancellationToken.Redis.csproj", "{3F5E3DA3-5F72-4619-BDFA-BE195969BC41}"
EndProject
Project("{9A19103F-16F7-4668-BE54-9A1E7A4F7556}") = "TeilOne.Threading.DistributedCancellationToken.Redis.Tests", "TeilOne.Threading.DistributedCancellationToken.Redis.Tests\TeilOne.Threading.DistributedCancellationToken.Redis.Tests.csproj", "{226BA508-6579-47D1-898F-FE7640B53DDF}"
EndProject
Project("{9A19103F-16F7-4668-BE54-9A1E7A4F7556}") = "TeilOne.Threading.DistributedCancellationToken.Base.Tests", "TeilOne.Threading.DistributedCancellationToken.Base.Tests\TeilOne.Threading.DistributedCancellationToken.Base.Tests.csproj", "{A7B3BBE4-A016-46AE-8790-9982C382B8C3}"
EndProject
Project("{9A19103F-16F7-4668-BE54-9A1E7A4F7556}") = "TeilOne.Threading.DistributedCancellationToken.Base", "TeilOne.Threading.DistributedCancellationToken.Base\TeilOne.Threading.DistributedCancellationToken.Base.csproj", "{1C12894C-105F-4B40-9125-8253F1D684E0}"
EndProject
Project("{2150E333-8FDC-42A3-9474-1A3956D46DE8}") = "Solution Items", "Solution Items", "{38BE9ABF-C602-479E-B8CC-69F90FA367F5}"
	ProjectSection(SolutionItems) = preProject
		Directory.Build.props = Directory.Build.props
	EndProjectSection
EndProject
Global
	GlobalSection(SolutionConfigurationPlatforms) = preSolution
		Debug|Any CPU = Debug|Any CPU
		Release|Any CPU = Release|Any CPU
	EndGlobalSection
	GlobalSection(ProjectConfigurationPlatforms) = postSolution
		{3F5E3DA3-5F72-4619-BDFA-BE195969BC41}.Debug|Any CPU.ActiveCfg = Debug|Any CPU
		{3F5E3DA3-5F72-4619-BDFA-BE195969BC41}.Debug|Any CPU.Build.0 = Debug|Any CPU
		{3F5E3DA3-5F72-4619-BDFA-BE195969BC41}.Release|Any CPU.ActiveCfg = Release|Any CPU
		{3F5E3DA3-5F72-4619-BDFA-BE195969BC41}.Release|Any CPU.Build.0 = Release|Any CPU
		{226BA508-6579-47D1-898F-FE7640B53DDF}.Debug|Any CPU.ActiveCfg = Debug|Any CPU
		{226BA508-6579-47D1-898F-FE7640B53DDF}.Debug|Any CPU.Build.0 = Debug|Any CPU
		{226BA508-6579-47D1-898F-FE7640B53DDF}.Release|Any CPU.ActiveCfg = Release|Any CPU
		{226BA508-6579-47D1-898F-FE7640B53DDF}.Release|Any CPU.Build.0 = Release|Any CPU
		{A7B3BBE4-A016-46AE-8790-9982C382B8C3}.Debug|Any CPU.ActiveCfg = Debug|Any CPU
		{A7B3BBE4-A016-46AE-8790-9982C382B8C3}.Debug|Any CPU.Build.0 = Debug|Any CPU
		{A7B3BBE4-A016-46AE-8790-9982C382B8C3}.Release|Any CPU.ActiveCfg = Release|Any CPU
		{A7B3BBE4-A016-46AE-8790-9982C382B8C3}.Release|Any CPU.Build.0 = Release|Any CPU
		{1C12894C-105F-4B40-9125-8253F1D684E0}.Debug|Any CPU.ActiveCfg = Debug|Any CPU
		{1C12894C-105F-4B40-9125-8253F1D684E0}.Debug|Any CPU.Build.0 = Debug|Any CPU
		{1C12894C-105F-4B40-9125-8253F1D684E0}.Release|Any CPU.ActiveCfg = Release|Any CPU
		{1C12894C-105F-4B40-9125-8253F1D684E0}.Release|Any CPU.Build.0 = Release|Any CPU
	EndGlobalSection
	GlobalSection(SolutionProperties) = preSolution
		HideSolutionNode = FALSE
	EndGlobalSection
	GlobalSection(ExtensibilityGlobals) = postSolution
		SolutionGuid = {47D8F49D-7F4B-44E6-A6E1-A553FFEF4104}
	EndGlobalSection
EndGlobal
